// !$*UTF8*$!
{
	archiveVersion = 1;
	classes = {
	};
	objectVersion = 46;
	objects = {

/* Begin PBXBuildFile section */
		3F3583161AFF25150099A063 /* main.m in Sources */ = {isa = PBXBuildFile; fileRef = 3F3583151AFF25150099A063 /* main.m */; };
		3F3583211AFF256F0099A063 /* Room.m in Sources */ = {isa = PBXBuildFile; fileRef = 3F3583201AFF256F0099A063 /* Room.m */; };
		3F3583241AFF29270099A063 /* DungeonBuilderDelegate.m in Sources */ = {isa = PBXBuildFile; fileRef = 3F3583231AFF29270099A063 /* DungeonBuilderDelegate.m */; };
		3F3583291AFF43830099A063 /* Player.m in Sources */ = {isa = PBXBuildFile; fileRef = 3F3583281AFF43830099A063 /* Player.m */; };
		3F3583341AFF4BCD0099A063 /* Dungeon.m in Sources */ = {isa = PBXBuildFile; fileRef = 3F3583331AFF4BCD0099A063 /* Dungeon.m */; };
		3F3583381AFFED640099A063 /* Cube.m in Sources */ = {isa = PBXBuildFile; fileRef = 3F3583371AFFED640099A063 /* Cube.m */; };
		3F35833B1AFFF2570099A063 /* DungeonInhabitant.m in Sources */ = {isa = PBXBuildFile; fileRef = 3F35833A1AFFF2570099A063 /* DungeonInhabitant.m */; };
		3F35833E1AFFF6C00099A063 /* Gem.m in Sources */ = {isa = PBXBuildFile; fileRef = 3F35833D1AFFF6C00099A063 /* Gem.m */; };
		3F3583411AFFFE6B0099A063 /* Treasure.m in Sources */ = {isa = PBXBuildFile; fileRef = 3F3583401AFFFE6B0099A063 /* Treasure.m */; };
		3F3583441B0005240099A063 /* IOController.m in Sources */ = {isa = PBXBuildFile; fileRef = 3F3583431B0005240099A063 /* IOController.m */; };
/* End PBXBuildFile section */

/* Begin PBXCopyFilesBuildPhase section */
		3F3583101AFF25150099A063 /* CopyFiles */ = {
			isa = PBXCopyFilesBuildPhase;
			buildActionMask = 2147483647;
			dstPath = /usr/share/man/man1/;
			dstSubfolderSpec = 0;
			files = (
			);
			runOnlyForDeploymentPostprocessing = 1;
		};
/* End PBXCopyFilesBuildPhase section */

/* Begin PBXFileReference section */
		3F3583121AFF25150099A063 /* AdventureGameII */ = {isa = PBXFileReference; explicitFileType = "compiled.mach-o.executable"; includeInIndex = 0; path = AdventureGameII; sourceTree = BUILT_PRODUCTS_DIR; };
		3F3583151AFF25150099A063 /* main.m */ = {isa = PBXFileReference; lastKnownFileType = sourcecode.c.objc; path = main.m; sourceTree = "<group>"; };
		3F35831C1AFF255D0099A063 /* Dungeon.h */ = {isa = PBXFileReference; fileEncoding = 4; lastKnownFileType = sourcecode.c.h; path = Dungeon.h; sourceTree = "<group>"; };
		3F35831F1AFF256F0099A063 /* Room.h */ = {isa = PBXFileReference; fileEncoding = 4; lastKnownFileType = sourcecode.c.h; path = Room.h; sourceTree = "<group>"; };
		3F3583201AFF256F0099A063 /* Room.m */ = {isa = PBXFileReference; fileEncoding = 4; lastKnownFileType = sourcecode.c.objc; path = Room.m; sourceTree = "<group>"; };
		3F3583221AFF29270099A063 /* DungeonBuilderDelegate.h */ = {isa = PBXFileReference; fileEncoding = 4; lastKnownFileType = sourcecode.c.h; path = DungeonBuilderDelegate.h; sourceTree = "<group>"; };
		3F3583231AFF29270099A063 /* DungeonBuilderDelegate.m */ = {isa = PBXFileReference; fileEncoding = 4; lastKnownFileType = sourcecode.c.objc; path = DungeonBuilderDelegate.m; sourceTree = "<group>"; };
		3F3583271AFF43830099A063 /* Player.h */ = {isa = PBXFileReference; fileEncoding = 4; lastKnownFileType = sourcecode.c.h; path = Player.h; sourceTree = "<group>"; };
		3F3583281AFF43830099A063 /* Player.m */ = {isa = PBXFileReference; fileEncoding = 4; lastKnownFileType = sourcecode.c.objc; path = Player.m; sourceTree = "<group>"; };
		3F3583331AFF4BCD0099A063 /* Dungeon.m */ = {isa = PBXFileReference; fileEncoding = 4; lastKnownFileType = sourcecode.c.objc; path = Dungeon.m; sourceTree = "<group>"; };
		3F3583361AFFED640099A063 /* Cube.h */ = {isa = PBXFileReference; fileEncoding = 4; lastKnownFileType = sourcecode.c.h; path = Cube.h; sourceTree = "<group>"; };
		3F3583371AFFED640099A063 /* Cube.m */ = {isa = PBXFileReference; fileEncoding = 4; lastKnownFileType = sourcecode.c.objc; path = Cube.m; sourceTree = "<group>"; };
		3F3583391AFFF2570099A063 /* DungeonInhabitant.h */ = {isa = PBXFileReference; fileEncoding = 4; lastKnownFileType = sourcecode.c.h; path = DungeonInhabitant.h; sourceTree = "<group>"; };
		3F35833A1AFFF2570099A063 /* DungeonInhabitant.m */ = {isa = PBXFileReference; fileEncoding = 4; lastKnownFileType = sourcecode.c.objc; path = DungeonInhabitant.m; sourceTree = "<group>"; };
		3F35833C1AFFF6C00099A063 /* Gem.h */ = {isa = PBXFileReference; fileEncoding = 4; lastKnownFileType = sourcecode.c.h; path = Gem.h; sourceTree = "<group>"; };
		3F35833D1AFFF6C00099A063 /* Gem.m */ = {isa = PBXFileReference; fileEncoding = 4; lastKnownFileType = sourcecode.c.objc; path = Gem.m; sourceTree = "<group>"; };
		3F35833F1AFFFE6B0099A063 /* Treasure.h */ = {isa = PBXFileReference; fileEncoding = 4; lastKnownFileType = sourcecode.c.h; path = Treasure.h; sourceTree = "<group>"; };
		3F3583401AFFFE6B0099A063 /* Treasure.m */ = {isa = PBXFileReference; fileEncoding = 4; lastKnownFileType = sourcecode.c.objc; path = Treasure.m; sourceTree = "<group>"; };
		3F3583421B0005240099A063 /* IOController.h */ = {isa = PBXFileReference; fileEncoding = 4; lastKnownFileType = sourcecode.c.h; path = IOController.h; sourceTree = "<group>"; };
		3F3583431B0005240099A063 /* IOController.m */ = {isa = PBXFileReference; fileEncoding = 4; lastKnownFileType = sourcecode.c.objc; path = IOController.m; sourceTree = "<group>"; };
/* End PBXFileReference section */

/* Begin PBXFrameworksBuildPhase section */
		3F35830F1AFF25150099A063 /* Frameworks */ = {
			isa = PBXFrameworksBuildPhase;
			buildActionMask = 2147483647;
			files = (
			);
			runOnlyForDeploymentPostprocessing = 0;
		};
/* End PBXFrameworksBuildPhase section */

/* Begin PBXGroup section */
		3F3583091AFF25150099A063 = {
			isa = PBXGroup;
			children = (
				3F3583141AFF25150099A063 /* AdventureGameII */,
				3F3583131AFF25150099A063 /* Products */,
			);
			sourceTree = "<group>";
		};
		3F3583131AFF25150099A063 /* Products */ = {
			isa = PBXGroup;
			children = (
				3F3583121AFF25150099A063 /* AdventureGameII */,
			);
			name = Products;
			sourceTree = "<group>";
		};
		3F3583141AFF25150099A063 /* AdventureGameII */ = {
			isa = PBXGroup;
			children = (
				3F3583151AFF25150099A063 /* main.m */,
				3F3583421B0005240099A063 /* IOController.h */,
				3F3583431B0005240099A063 /* IOController.m */,
				3F35833F1AFFFE6B0099A063 /* Treasure.h */,
				3F3583401AFFFE6B0099A063 /* Treasure.m */,
				3F35833C1AFFF6C00099A063 /* Gem.h */,
				3F35833D1AFFF6C00099A063 /* Gem.m */,
				3F35831C1AFF255D0099A063 /* Dungeon.h */,
				3F3583331AFF4BCD0099A063 /* Dungeon.m */,
				3F3583391AFFF2570099A063 /* DungeonInhabitant.h */,
				3F35833A1AFFF2570099A063 /* DungeonInhabitant.m */,
				3F3583271AFF43830099A063 /* Player.h */,
				3F3583281AFF43830099A063 /* Player.m */,
				3F3583361AFFED640099A063 /* Cube.h */,
				3F3583371AFFED640099A063 /* Cube.m */,
				3F3583221AFF29270099A063 /* DungeonBuilderDelegate.h */,
				3F3583231AFF29270099A063 /* DungeonBuilderDelegate.m */,
				3F35831F1AFF256F0099A063 /* Room.h */,
				3F3583201AFF256F0099A063 /* Room.m */,
			);
			path = AdventureGameII;
			sourceTree = "<group>";
		};
/* End PBXGroup section */

/* Begin PBXNativeTarget section */
		3F3583111AFF25150099A063 /* AdventureGameII */ = {
			isa = PBXNativeTarget;
			buildConfigurationList = 3F3583191AFF25150099A063 /* Build configuration list for PBXNativeTarget "AdventureGameII" */;
			buildPhases = (
				3F35830E1AFF25150099A063 /* Sources */,
				3F35830F1AFF25150099A063 /* Frameworks */,
				3F3583101AFF25150099A063 /* CopyFiles */,
			);
			buildRules = (
			);
			dependencies = (
			);
			name = AdventureGameII;
			productName = AdventureGameII;
			productReference = 3F3583121AFF25150099A063 /* AdventureGameII */;
			productType = "com.apple.product-type.tool";
		};
/* End PBXNativeTarget section */

/* Begin PBXProject section */
		3F35830A1AFF25150099A063 /* Project object */ = {
			isa = PBXProject;
			attributes = {
				LastUpgradeCheck = 0630;
				ORGANIZATIONNAME = "Jeremy Petter";
				TargetAttributes = {
					3F3583111AFF25150099A063 = {
						CreatedOnToolsVersion = 6.3.1;
					};
				};
			};
			buildConfigurationList = 3F35830D1AFF25150099A063 /* Build configuration list for PBXProject "AdventureGameII" */;
			compatibilityVersion = "Xcode 3.2";
			developmentRegion = English;
			hasScannedForEncodings = 0;
			knownRegions = (
				en,
			);
			mainGroup = 3F3583091AFF25150099A063;
			productRefGroup = 3F3583131AFF25150099A063 /* Products */;
			projectDirPath = "";
			projectRoot = "";
			targets = (
				3F3583111AFF25150099A063 /* AdventureGameII */,
			);
		};
/* End PBXProject section */

/* Begin PBXSourcesBuildPhase section */
		3F35830E1AFF25150099A063 /* Sources */ = {
			isa = PBXSourcesBuildPhase;
			buildActionMask = 2147483647;
			files = (
				3F3583241AFF29270099A063 /* DungeonBuilderDelegate.m in Sources */,
				3F3583441B0005240099A063 /* IOController.m in Sources */,
				3F35833E1AFFF6C00099A063 /* Gem.m in Sources */,
				3F3583211AFF256F0099A063 /* Room.m in Sources */,
				3F35833B1AFFF2570099A063 /* DungeonInhabitant.m in Sources */,
				3F3583341AFF4BCD0099A063 /* Dungeon.m in Sources */,
				3F3583411AFFFE6B0099A063 /* Treasure.m in Sources */,
				3F3583161AFF25150099A063 /* main.m in Sources */,
				3F3583381AFFED640099A063 /* Cube.m in Sources */,
				3F3583291AFF43830099A063 /* Player.m in Sources */,
			);
			runOnlyForDeploymentPostprocessing = 0;
		};
/* End PBXSourcesBuildPhase section */

/* Begin XCBuildConfiguration section */
		3F3583171AFF25150099A063 /* Debug */ = {
			isa = XCBuildConfiguration;
			buildSettings = {
				ALWAYS_SEARCH_USER_PATHS = NO;
				CLANG_CXX_LANGUAGE_STANDARD = "gnu++0x";
				CLANG_CXX_LIBRARY = "libc++";
				CLANG_ENABLE_MODULES = YES;
				CLANG_ENABLE_OBJC_ARC = YES;
				CLANG_WARN_BOOL_CONVERSION = YES;
				CLANG_WARN_CONSTANT_CONVERSION = YES;
				CLANG_WARN_DIRECT_OBJC_ISA_USAGE = YES_ERROR;
				CLANG_WARN_EMPTY_BODY = YES;
				CLANG_WARN_ENUM_CONVERSION = YES;
				CLANG_WARN_INT_CONVERSION = YES;
				CLANG_WARN_OBJC_ROOT_CLASS = YES_ERROR;
				CLANG_WARN_UNREACHABLE_CODE = YES;
				CLANG_WARN__DUPLICATE_METHOD_MATCH = YES;
				COPY_PHASE_STRIP = NO;
				DEBUG_INFORMATION_FORMAT = dwarf;
				ENABLE_STRICT_OBJC_MSGSEND = YES;
				GCC_C_LANGUAGE_STANDARD = gnu99;
				GCC_DYNAMIC_NO_PIC = NO;
				GCC_NO_COMMON_BLOCKS = YES;
				GCC_OPTIMIZATION_LEVEL = 0;
				GCC_PREPROCESSOR_DEFINITIONS = (
					"DEBUG=1",
					"$(inherited)",
				);
				GCC_SYMBOLS_PRIVATE_EXTERN = NO;
				GCC_WARN_64_TO_32_BIT_CONVERSION = YES;
				GCC_WARN_ABOUT_RETURN_TYPE = YES_ERROR;
				GCC_WARN_UNDECLARED_SELECTOR = YES;
				GCC_WARN_UNINITIALIZED_AUTOS = YES_AGGRESSIVE;
				GCC_WARN_UNUSED_FUNCTION = YES;
				GCC_WARN_UNUSED_VARIABLE = YES;
				MACOSX_DEPLOYMENT_TARGET = 10.10;
				MTL_ENABLE_DEBUG_INFO = YES;
				ONLY_ACTIVE_ARCH = YES;
				SDKROOT = macosx;
			};
			name = Debug;
		};
		3F3583181AFF25150099A063 /* Release */ = {
			isa = XCBuildConfiguration;
			buildSettings = {
				ALWAYS_SEARCH_USER_PATHS = NO;
				CLANG_CXX_LANGUAGE_STANDARD = "gnu++0x";
				CLANG_CXX_LIBRARY = "libc++";
				CLANG_ENABLE_MODULES = YES;
				CLANG_ENABLE_OBJC_ARC = YES;
				CLANG_WARN_BOOL_CONVERSION = YES;
				CLANG_WARN_CONSTANT_CONVERSION = YES;
				CLANG_WARN_DIRECT_OBJC_ISA_USAGE = YES_ERROR;
				CLANG_WARN_EMPTY_BODY = YES;
				CLANG_WARN_ENUM_CONVERSION = YES;
				CLANG_WARN_INT_CONVERSION = YES;
				CLANG_WARN_OBJC_ROOT_CLASS = YES_ERROR;
				CLANG_WARN_UNREACHABLE_CODE = YES;
				CLANG_WARN__DUPLICATE_METHOD_MATCH = YES;
				COPY_PHASE_STRIP = NO;
				DEBUG_INFORMATION_FORMAT = "dwarf-with-dsym";
				ENABLE_NS_ASSERTIONS = NO;
				ENABLE_STRICT_OBJC_MSGSEND = YES;
				GCC_C_LANGUAGE_STANDARD = gnu99;
				GCC_NO_COMMON_BLOCKS = YES;
				GCC_WARN_64_TO_32_BIT_CONVERSION = YES;
				GCC_WARN_ABOUT_RETURN_TYPE = YES_ERROR;
				GCC_WARN_UNDECLARED_SELECTOR = YES;
				GCC_WARN_UNINITIALIZED_AUTOS = YES_AGGRESSIVE;
				GCC_WARN_UNUSED_FUNCTION = YES;
				GCC_WARN_UNUSED_VARIABLE = YES;
				MACOSX_DEPLOYMENT_TARGET = 10.10;
				MTL_ENABLE_DEBUG_INFO = NO;
				SDKROOT = macosx;
			};
			name = Release;
		};
		3F35831A1AFF25150099A063 /* Debug */ = {
			isa = XCBuildConfiguration;
			buildSettings = {
				PRODUCT_NAME = "$(TARGET_NAME)";
			};
			name = Debug;
		};
		3F35831B1AFF25150099A063 /* Release */ = {
			isa = XCBuildConfiguration;
			buildSettings = {
				PRODUCT_NAME = "$(TARGET_NAME)";
			};
			name = Release;
		};
/* End XCBuildConfiguration section */

/* Begin XCConfigurationList section */
		3F35830D1AFF25150099A063 /* Build configuration list for PBXProject "AdventureGameII" */ = {
			isa = XCConfigurationList;
			buildConfigurations = (
				3F3583171AFF25150099A063 /* Debug */,
				3F3583181AFF25150099A063 /* Release */,
			);
			defaultConfigurationIsVisible = 0;
			defaultConfigurationName = Release;
		};
		3F3583191AFF25150099A063 /* Build configuration list for PBXNativeTarget "AdventureGameII" */ = {
			isa = XCConfigurationList;
			buildConfigurations = (
				3F35831A1AFF25150099A063 /* Debug */,
				3F35831B1AFF25150099A063 /* Release */,
			);
			defaultConfigurationIsVisible = 0;
			defaultConfigurationName = Release;
		};
/* End XCConfigurationList section */
	};
	rootObject = 3F35830A1AFF25150099A063 /* Project object */;
}
